lockfileVersion: '6.0'

settings:
  autoInstallPeers: true
  excludeLinksFromLockfile: false

devDependencies:
  '@cloudflare/workers-types':
    specifier: ^4.20231016.0
    version: 4.20231016.0

packages:

  /@cloudflare/workers-types@4.20231016.0:
    resolution: {integrity: sha512-eGB0cRVyoJpeyGJx2re5sbd9R316a61sY73xwnqm4cwGpb+OxCK2gc651RxGiN7H4w6LY1RpysUgeGLmj5B3+g==}
    dev: true
